
Microsoft Visual Studio Solution File, Format Version 12.00
# Visual Studio Version 17
VisualStudioVersion = 17.5.33424.131
MinimumVisualStudioVersion = 10.0.40219.1
Project("{9A19103F-16F7-4668-BE54-9A1E7A4F7556}") = "Orders", "Orders\Orders.csproj", "{648BAB5B-D23F-4E49-8E22-87B76FA2D849}"
EndProject
Project("{FAE04EC0-301F-11D3-BF4B-00C04F79EFBC}") = "OrderTest", "OrderTest\OrderTest.csproj", "{5EB868C8-7A97-4472-947F-25C7F2FBEE84}"
EndProject
Global
	GlobalSection(SolutionConfigurationPlatforms) = preSolution
		Debug|Any CPU = Debug|Any CPU
		Release|Any CPU = Release|Any CPU
	EndGlobalSection
	GlobalSection(ProjectConfigurationPlatforms) = postSolution
		{648BAB5B-D23F-4E49-8E22-87B76FA2D849}.Debug|Any CPU.ActiveCfg = Debug|Any CPU
		{648BAB5B-D23F-4E49-8E22-87B76FA2D849}.Debug|Any CPU.Build.0 = Debug|Any CPU
		{648BAB5B-D23F-4E49-8E22-87B76FA2D849}.Release|Any CPU.ActiveCfg = Release|Any CPU
		{648BAB5B-D23F-4E49-8E22-87B76FA2D849}.Release|Any CPU.Build.0 = Release|Any CPU
		{5EB868C8-7A97-4472-947F-25C7F2FBEE84}.Debug|Any CPU.ActiveCfg = Debug|Any CPU
		{5EB868C8-7A97-4472-947F-25C7F2FBEE84}.Debug|Any CPU.Build.0 = Debug|Any CPU
		{5EB868C8-7A97-4472-947F-25C7F2FBEE84}.Release|Any CPU.ActiveCfg = Release|Any CPU
		{5EB868C8-7A97-4472-947F-25C7F2FBEE84}.Release|Any CPU.Build.0 = Release|Any CPU
	EndGlobalSection
	GlobalSection(SolutionProperties) = preSolution
		HideSolutionNode = FALSE
	EndGlobalSection
	GlobalSection(ExtensibilityGlobals) = postSolution
		SolutionGuid = {29CA8AC0-0C1C-4F89-BF9F-A21571190FA7}
	EndGlobalSection
EndGlobal
