
Microsoft Visual Studio Solution File, Format Version 12.00
# Visual Studio Version 17
VisualStudioVersion = 17.5.33424.131
MinimumVisualStudioVersion = 10.0.40219.1
Project("{FAE04EC0-301F-11D3-BF4B-00C04F79EFBC}") = "PrimeFactor", "PrimeFactor\PrimeFactor.csproj", "{5E0060B6-7E86-4DD6-89C8-15C3D1D5E208}"
EndProject
Global
	GlobalSection(SolutionConfigurationPlatforms) = preSolution
		Debug|Any CPU = Debug|Any CPU
		Release|Any CPU = Release|Any CPU
	EndGlobalSection
	GlobalSection(ProjectConfigurationPlatforms) = postSolution
		{5E0060B6-7E86-4DD6-89C8-15C3D1D5E208}.Debug|Any CPU.ActiveCfg = Debug|Any CPU
		{5E0060B6-7E86-4DD6-89C8-15C3D1D5E208}.Debug|Any CPU.Build.0 = Debug|Any CPU
		{5E0060B6-7E86-4DD6-89C8-15C3D1D5E208}.Release|Any CPU.ActiveCfg = Release|Any CPU
		{5E0060B6-7E86-4DD6-89C8-15C3D1D5E208}.Release|Any CPU.Build.0 = Release|Any CPU
	EndGlobalSection
	GlobalSection(SolutionProperties) = preSolution
		HideSolutionNode = FALSE
	EndGlobalSection
	GlobalSection(ExtensibilityGlobals) = postSolution
		SolutionGuid = {C7F0EA2A-D5F6-4E17-8821-7EA3F312BEBD}
	EndGlobalSection
EndGlobal
